
Microsoft Visual Studio Solution File, Format Version 12.00
# Visual Studio 15
VisualStudioVersion = 15.0.26730.10
MinimumVisualStudioVersion = 10.0.40219.1
Project("{9A19103F-16F7-4668-BE54-9A1E7A4F7556}") = "Scheduler", "Scheduler\Scheduler.csproj", "{E5401802-1B51-4FE3-A5A9-6482C5CAA8BF}"
EndProject
Project("{9A19103F-16F7-4668-BE54-9A1E7A4F7556}") = "multiple_dbcontext_web", "multiple_dbcontext_web\multiple_dbcontext_web.csproj", "{DFAA405C-4319-425B-B78E-275AF1643CA3}"
EndProject
Project("{FAE04EC0-301F-11D3-BF4B-00C04F79EFBC}") = "context_client", "context_client\context_client.csproj", "{59A93ABB-3212-4C53-BCC9-2BE4215AC46D}"
EndProject
Project("{FAE04EC0-301F-11D3-BF4B-00C04F79EFBC}") = "context_client_console", "context_client_console\context_client_console.csproj", "{14DCB06B-5002-474E-9E2A-5D8697ACAD3A}"
	ProjectSection(ProjectDependencies) = postProject
		{59A93ABB-3212-4C53-BCC9-2BE4215AC46D} = {59A93ABB-3212-4C53-BCC9-2BE4215AC46D}
	EndProjectSection
EndProject
Project("{9A19103F-16F7-4668-BE54-9A1E7A4F7556}") = "concurrency", "concurrency\concurrency.csproj", "{29D41360-5902-45F3-935A-7B4B1EC2410E}"
	ProjectSection(ProjectDependencies) = postProject
		{AA0CB46E-2772-476F-B1DA-75FEA7742D07} = {AA0CB46E-2772-476F-B1DA-75FEA7742D07}
	EndProjectSection
EndProject
Project("{FAE04EC0-301F-11D3-BF4B-00C04F79EFBC}") = "PerformanceChecker", "PerformanceChecker\PerformanceChecker.csproj", "{AA0CB46E-2772-476F-B1DA-75FEA7742D07}"
EndProject
Project("{FAE04EC0-301F-11D3-BF4B-00C04F79EFBC}") = "disposable", "disposable\disposable.csproj", "{B3772B94-DB08-4FC8-BD1E-D0D42FAB51FB}"
EndProject
Project("{FAE04EC0-301F-11D3-BF4B-00C04F79EFBC}") = "aes_cryptography", "aes_cryptography\aes_cryptography.csproj", "{F4D12B29-C86E-4140-947D-8B3D23BA77DA}"
EndProject
Global
	GlobalSection(SolutionConfigurationPlatforms) = preSolution
		Debug|Any CPU = Debug|Any CPU
		Release|Any CPU = Release|Any CPU
	EndGlobalSection
	GlobalSection(ProjectConfigurationPlatforms) = postSolution
		{E5401802-1B51-4FE3-A5A9-6482C5CAA8BF}.Debug|Any CPU.ActiveCfg = Debug|Any CPU
		{E5401802-1B51-4FE3-A5A9-6482C5CAA8BF}.Debug|Any CPU.Build.0 = Debug|Any CPU
		{E5401802-1B51-4FE3-A5A9-6482C5CAA8BF}.Release|Any CPU.ActiveCfg = Release|Any CPU
		{E5401802-1B51-4FE3-A5A9-6482C5CAA8BF}.Release|Any CPU.Build.0 = Release|Any CPU
		{DFAA405C-4319-425B-B78E-275AF1643CA3}.Debug|Any CPU.ActiveCfg = Debug|Any CPU
		{DFAA405C-4319-425B-B78E-275AF1643CA3}.Debug|Any CPU.Build.0 = Debug|Any CPU
		{DFAA405C-4319-425B-B78E-275AF1643CA3}.Release|Any CPU.ActiveCfg = Release|Any CPU
		{DFAA405C-4319-425B-B78E-275AF1643CA3}.Release|Any CPU.Build.0 = Release|Any CPU
		{59A93ABB-3212-4C53-BCC9-2BE4215AC46D}.Debug|Any CPU.ActiveCfg = Debug|Any CPU
		{59A93ABB-3212-4C53-BCC9-2BE4215AC46D}.Debug|Any CPU.Build.0 = Debug|Any CPU
		{59A93ABB-3212-4C53-BCC9-2BE4215AC46D}.Release|Any CPU.ActiveCfg = Release|Any CPU
		{59A93ABB-3212-4C53-BCC9-2BE4215AC46D}.Release|Any CPU.Build.0 = Release|Any CPU
		{14DCB06B-5002-474E-9E2A-5D8697ACAD3A}.Debug|Any CPU.ActiveCfg = Debug|Any CPU
		{14DCB06B-5002-474E-9E2A-5D8697ACAD3A}.Debug|Any CPU.Build.0 = Debug|Any CPU
		{14DCB06B-5002-474E-9E2A-5D8697ACAD3A}.Release|Any CPU.ActiveCfg = Release|Any CPU
		{14DCB06B-5002-474E-9E2A-5D8697ACAD3A}.Release|Any CPU.Build.0 = Release|Any CPU
		{29D41360-5902-45F3-935A-7B4B1EC2410E}.Debug|Any CPU.ActiveCfg = Debug|Any CPU
		{29D41360-5902-45F3-935A-7B4B1EC2410E}.Debug|Any CPU.Build.0 = Debug|Any CPU
		{29D41360-5902-45F3-935A-7B4B1EC2410E}.Release|Any CPU.ActiveCfg = Release|Any CPU
		{29D41360-5902-45F3-935A-7B4B1EC2410E}.Release|Any CPU.Build.0 = Release|Any CPU
		{AA0CB46E-2772-476F-B1DA-75FEA7742D07}.Debug|Any CPU.ActiveCfg = Debug|Any CPU
		{AA0CB46E-2772-476F-B1DA-75FEA7742D07}.Debug|Any CPU.Build.0 = Debug|Any CPU
		{AA0CB46E-2772-476F-B1DA-75FEA7742D07}.Release|Any CPU.ActiveCfg = Release|Any CPU
		{AA0CB46E-2772-476F-B1DA-75FEA7742D07}.Release|Any CPU.Build.0 = Release|Any CPU
		{B3772B94-DB08-4FC8-BD1E-D0D42FAB51FB}.Debug|Any CPU.ActiveCfg = Debug|Any CPU
		{B3772B94-DB08-4FC8-BD1E-D0D42FAB51FB}.Debug|Any CPU.Build.0 = Debug|Any CPU
		{B3772B94-DB08-4FC8-BD1E-D0D42FAB51FB}.Release|Any CPU.ActiveCfg = Release|Any CPU
		{B3772B94-DB08-4FC8-BD1E-D0D42FAB51FB}.Release|Any CPU.Build.0 = Release|Any CPU
	EndGlobalSection
	GlobalSection(SolutionProperties) = preSolution
		HideSolutionNode = FALSE
	EndGlobalSection
	GlobalSection(ExtensibilityGlobals) = postSolution
		SolutionGuid = {B8AF6647-6325-4444-9AFF-CF00A992336C}
	EndGlobalSection
EndGlobal
